
Microsoft Visual Studio Solution File, Format Version 12.00
# Visual Studio Version 17
VisualStudioVersion = 17.8.34330.188
MinimumVisualStudioVersion = 10.0.40219.1
Project("{FAE04EC0-301F-11D3-BF4B-00C04F79EFBC}") = "State", "State\State.csproj", "{4EE34F02-2654-4A88-9D9D-19ECEFE11592}"
EndProject
Project("{FAE04EC0-301F-11D3-BF4B-00C04F79EFBC}") = "Memento", "Memento\Memento.csproj", "{38F8676A-C64E-4F0F-BEDD-FD4FDD3B2E43}"
EndProject
Project("{FAE04EC0-301F-11D3-BF4B-00C04F79EFBC}") = "Iterator", "Iterator\Iterator.csproj", "{46A7E66F-7999-4249-8721-403E26ECFF4D}"
EndProject
Global
	GlobalSection(SolutionConfigurationPlatforms) = preSolution
		Debug|Any CPU = Debug|Any CPU
		Release|Any CPU = Release|Any CPU
	EndGlobalSection
	GlobalSection(ProjectConfigurationPlatforms) = postSolution
		{4EE34F02-2654-4A88-9D9D-19ECEFE11592}.Debug|Any CPU.ActiveCfg = Debug|Any CPU
		{4EE34F02-2654-4A88-9D9D-19ECEFE11592}.Debug|Any CPU.Build.0 = Debug|Any CPU
		{4EE34F02-2654-4A88-9D9D-19ECEFE11592}.Release|Any CPU.ActiveCfg = Release|Any CPU
		{4EE34F02-2654-4A88-9D9D-19ECEFE11592}.Release|Any CPU.Build.0 = Release|Any CPU
		{38F8676A-C64E-4F0F-BEDD-FD4FDD3B2E43}.Debug|Any CPU.ActiveCfg = Debug|Any CPU
		{38F8676A-C64E-4F0F-BEDD-FD4FDD3B2E43}.Debug|Any CPU.Build.0 = Debug|Any CPU
		{38F8676A-C64E-4F0F-BEDD-FD4FDD3B2E43}.Release|Any CPU.ActiveCfg = Release|Any CPU
		{38F8676A-C64E-4F0F-BEDD-FD4FDD3B2E43}.Release|Any CPU.Build.0 = Release|Any CPU
		{46A7E66F-7999-4249-8721-403E26ECFF4D}.Debug|Any CPU.ActiveCfg = Debug|Any CPU
		{46A7E66F-7999-4249-8721-403E26ECFF4D}.Debug|Any CPU.Build.0 = Debug|Any CPU
		{46A7E66F-7999-4249-8721-403E26ECFF4D}.Release|Any CPU.ActiveCfg = Release|Any CPU
		{46A7E66F-7999-4249-8721-403E26ECFF4D}.Release|Any CPU.Build.0 = Release|Any CPU
	EndGlobalSection
	GlobalSection(SolutionProperties) = preSolution
		HideSolutionNode = FALSE
	EndGlobalSection
	GlobalSection(ExtensibilityGlobals) = postSolution
		SolutionGuid = {08260ACA-99D2-4FC9-A65B-D235CA109B04}
	EndGlobalSection
EndGlobal
