
Microsoft Visual Studio Solution File, Format Version 12.00
# Visual Studio Version 17
VisualStudioVersion = 17.8.34330.188
MinimumVisualStudioVersion = 10.0.40219.1
Project("{FAE04EC0-301F-11D3-BF4B-00C04F79EFBC}") = "State", "State\State.csproj", "{4EE34F02-2654-4A88-9D9D-19ECEFE11592}"
EndProject
Project("{FAE04EC0-301F-11D3-BF4B-00C04F79EFBC}") = "Memento", "Memento\Memento.csproj", "{38F8676A-C64E-4F0F-BEDD-FD4FDD3B2E43}"
EndProject
Project("{FAE04EC0-301F-11D3-BF4B-00C04F79EFBC}") = "Iterator", "Iterator\Iterator.csproj", "{46A7E66F-7999-4249-8721-403E26ECFF4D}"
EndProject
Project("{FAE04EC0-301F-11D3-BF4B-00C04F79EFBC}") = "Strategy", "Strategy\Strategy.csproj", "{DE4AEA4F-0292-4B3F-990C-28F29E6B6331}"
EndProject
Project("{FAE04EC0-301F-11D3-BF4B-00C04F79EFBC}") = "Template Method", "Template Method\Template Method.csproj", "{F2F76C91-4634-4993-8D4A-27C715ED7724}"
EndProject
Project("{FAE04EC0-301F-11D3-BF4B-00C04F79EFBC}") = "Command", "Command\Command.csproj", "{5E9ACCED-14FB-4F4B-8285-440108E5B2F2}"
EndProject
Project("{9A19103F-16F7-4668-BE54-9A1E7A4F7556}") = "Observer", "Observer\Observer.csproj", "{5BBB79B0-B7E3-4C2E-83EF-48961E7C7FC6}"
EndProject
Project("{9A19103F-16F7-4668-BE54-9A1E7A4F7556}") = "Mediator", "Mediator\Mediator.csproj", "{66A5B2AD-F48D-47AA-85E6-074816222857}"
EndProject
Project("{9A19103F-16F7-4668-BE54-9A1E7A4F7556}") = "ChainOfResponsibility", "ChainOfResponsibility\ChainOfResponsibility.csproj", "{24654EBE-87A0-4456-9D7E-3D4419671DE3}"
EndProject
Project("{9A19103F-16F7-4668-BE54-9A1E7A4F7556}") = "Visitor", "Visitor\Visitor.csproj", "{EB9D40C1-3ED3-45CE-ABB5-2E20E7EDB699}"
EndProject
Project("{9A19103F-16F7-4668-BE54-9A1E7A4F7556}") = "Composite", "Composite\Composite.csproj", "{A10C7F8D-1F0E-4469-89CF-4094EB42C158}"
EndProject
Project("{9A19103F-16F7-4668-BE54-9A1E7A4F7556}") = "Adapter", "Adapter\Adapter.csproj", "{FA3AFF4A-DA06-43C1-B28E-187A73F24EF7}"
EndProject
Project("{9A19103F-16F7-4668-BE54-9A1E7A4F7556}") = "Decorator", "Decorator\Decorator.csproj", "{3BC1B0ED-26E8-4887-81E4-818F04570F0D}"
EndProject
Project("{9A19103F-16F7-4668-BE54-9A1E7A4F7556}") = "Facade", "Facade\Facade.csproj", "{C4E8E646-E63F-4E67-B013-7DBF032DAE1F}"
EndProject
Project("{9A19103F-16F7-4668-BE54-9A1E7A4F7556}") = "Flyweight", "Flyweight\Flyweight.csproj", "{D609C303-24F5-47CD-8920-77C724A39155}"
EndProject
Project("{9A19103F-16F7-4668-BE54-9A1E7A4F7556}") = "Bridge", "Bridge\Bridge.csproj", "{702C585B-1A39-4755-80F7-3733C9CA0B08}"
EndProject
Project("{9A19103F-16F7-4668-BE54-9A1E7A4F7556}") = "Proxy", "Proxy\Proxy.csproj", "{491C8AF7-9FAE-42BB-9621-AE9B1B41984A}"
EndProject
Project("{9A19103F-16F7-4668-BE54-9A1E7A4F7556}") = "Prototype", "Prototype\Prototype.csproj", "{ADA7CF8B-17C4-4756-AA98-ADFD8351BA54}"
EndProject
Project("{9A19103F-16F7-4668-BE54-9A1E7A4F7556}") = "Singleton", "Singleton\Singleton.csproj", "{91F6F384-6DF5-4C22-AFC7-CB497EA45934}"
EndProject
Project("{FAE04EC0-301F-11D3-BF4B-00C04F79EFBC}") = "Factory", "Factory\Factory.csproj", "{AE049A62-C3C7-461C-9D99-707B94820E5B}"
EndProject
Project("{FAE04EC0-301F-11D3-BF4B-00C04F79EFBC}") = "AbstractFactory", "AbstractFactory\AbstractFactory.csproj", "{CE58EFED-8328-4011-A19D-BD6D45111B1F}"
EndProject
Global
	GlobalSection(SolutionConfigurationPlatforms) = preSolution
		Debug|Any CPU = Debug|Any CPU
		Release|Any CPU = Release|Any CPU
	EndGlobalSection
	GlobalSection(ProjectConfigurationPlatforms) = postSolution
		{4EE34F02-2654-4A88-9D9D-19ECEFE11592}.Debug|Any CPU.ActiveCfg = Debug|Any CPU
		{4EE34F02-2654-4A88-9D9D-19ECEFE11592}.Debug|Any CPU.Build.0 = Debug|Any CPU
		{4EE34F02-2654-4A88-9D9D-19ECEFE11592}.Release|Any CPU.ActiveCfg = Release|Any CPU
		{4EE34F02-2654-4A88-9D9D-19ECEFE11592}.Release|Any CPU.Build.0 = Release|Any CPU
		{38F8676A-C64E-4F0F-BEDD-FD4FDD3B2E43}.Debug|Any CPU.ActiveCfg = Debug|Any CPU
		{38F8676A-C64E-4F0F-BEDD-FD4FDD3B2E43}.Debug|Any CPU.Build.0 = Debug|Any CPU
		{38F8676A-C64E-4F0F-BEDD-FD4FDD3B2E43}.Release|Any CPU.ActiveCfg = Release|Any CPU
		{38F8676A-C64E-4F0F-BEDD-FD4FDD3B2E43}.Release|Any CPU.Build.0 = Release|Any CPU
		{46A7E66F-7999-4249-8721-403E26ECFF4D}.Debug|Any CPU.ActiveCfg = Debug|Any CPU
		{46A7E66F-7999-4249-8721-403E26ECFF4D}.Debug|Any CPU.Build.0 = Debug|Any CPU
		{46A7E66F-7999-4249-8721-403E26ECFF4D}.Release|Any CPU.ActiveCfg = Release|Any CPU
		{46A7E66F-7999-4249-8721-403E26ECFF4D}.Release|Any CPU.Build.0 = Release|Any CPU
		{DE4AEA4F-0292-4B3F-990C-28F29E6B6331}.Debug|Any CPU.ActiveCfg = Debug|Any CPU
		{DE4AEA4F-0292-4B3F-990C-28F29E6B6331}.Debug|Any CPU.Build.0 = Debug|Any CPU
		{DE4AEA4F-0292-4B3F-990C-28F29E6B6331}.Release|Any CPU.ActiveCfg = Release|Any CPU
		{DE4AEA4F-0292-4B3F-990C-28F29E6B6331}.Release|Any CPU.Build.0 = Release|Any CPU
		{F2F76C91-4634-4993-8D4A-27C715ED7724}.Debug|Any CPU.ActiveCfg = Debug|Any CPU
		{F2F76C91-4634-4993-8D4A-27C715ED7724}.Debug|Any CPU.Build.0 = Debug|Any CPU
		{F2F76C91-4634-4993-8D4A-27C715ED7724}.Release|Any CPU.ActiveCfg = Release|Any CPU
		{F2F76C91-4634-4993-8D4A-27C715ED7724}.Release|Any CPU.Build.0 = Release|Any CPU
		{5E9ACCED-14FB-4F4B-8285-440108E5B2F2}.Debug|Any CPU.ActiveCfg = Debug|Any CPU
		{5E9ACCED-14FB-4F4B-8285-440108E5B2F2}.Debug|Any CPU.Build.0 = Debug|Any CPU
		{5E9ACCED-14FB-4F4B-8285-440108E5B2F2}.Release|Any CPU.ActiveCfg = Release|Any CPU
		{5E9ACCED-14FB-4F4B-8285-440108E5B2F2}.Release|Any CPU.Build.0 = Release|Any CPU
		{5BBB79B0-B7E3-4C2E-83EF-48961E7C7FC6}.Debug|Any CPU.ActiveCfg = Debug|Any CPU
		{5BBB79B0-B7E3-4C2E-83EF-48961E7C7FC6}.Debug|Any CPU.Build.0 = Debug|Any CPU
		{5BBB79B0-B7E3-4C2E-83EF-48961E7C7FC6}.Release|Any CPU.ActiveCfg = Release|Any CPU
		{5BBB79B0-B7E3-4C2E-83EF-48961E7C7FC6}.Release|Any CPU.Build.0 = Release|Any CPU
		{66A5B2AD-F48D-47AA-85E6-074816222857}.Debug|Any CPU.ActiveCfg = Debug|Any CPU
		{66A5B2AD-F48D-47AA-85E6-074816222857}.Debug|Any CPU.Build.0 = Debug|Any CPU
		{66A5B2AD-F48D-47AA-85E6-074816222857}.Release|Any CPU.ActiveCfg = Release|Any CPU
		{66A5B2AD-F48D-47AA-85E6-074816222857}.Release|Any CPU.Build.0 = Release|Any CPU
		{24654EBE-87A0-4456-9D7E-3D4419671DE3}.Debug|Any CPU.ActiveCfg = Debug|Any CPU
		{24654EBE-87A0-4456-9D7E-3D4419671DE3}.Debug|Any CPU.Build.0 = Debug|Any CPU
		{24654EBE-87A0-4456-9D7E-3D4419671DE3}.Release|Any CPU.ActiveCfg = Release|Any CPU
		{24654EBE-87A0-4456-9D7E-3D4419671DE3}.Release|Any CPU.Build.0 = Release|Any CPU
		{EB9D40C1-3ED3-45CE-ABB5-2E20E7EDB699}.Debug|Any CPU.ActiveCfg = Debug|Any CPU
		{EB9D40C1-3ED3-45CE-ABB5-2E20E7EDB699}.Debug|Any CPU.Build.0 = Debug|Any CPU
		{EB9D40C1-3ED3-45CE-ABB5-2E20E7EDB699}.Release|Any CPU.ActiveCfg = Release|Any CPU
		{EB9D40C1-3ED3-45CE-ABB5-2E20E7EDB699}.Release|Any CPU.Build.0 = Release|Any CPU
		{A10C7F8D-1F0E-4469-89CF-4094EB42C158}.Debug|Any CPU.ActiveCfg = Debug|Any CPU
		{A10C7F8D-1F0E-4469-89CF-4094EB42C158}.Debug|Any CPU.Build.0 = Debug|Any CPU
		{A10C7F8D-1F0E-4469-89CF-4094EB42C158}.Release|Any CPU.ActiveCfg = Release|Any CPU
		{A10C7F8D-1F0E-4469-89CF-4094EB42C158}.Release|Any CPU.Build.0 = Release|Any CPU
		{FA3AFF4A-DA06-43C1-B28E-187A73F24EF7}.Debug|Any CPU.ActiveCfg = Debug|Any CPU
		{FA3AFF4A-DA06-43C1-B28E-187A73F24EF7}.Debug|Any CPU.Build.0 = Debug|Any CPU
		{FA3AFF4A-DA06-43C1-B28E-187A73F24EF7}.Release|Any CPU.ActiveCfg = Release|Any CPU
		{FA3AFF4A-DA06-43C1-B28E-187A73F24EF7}.Release|Any CPU.Build.0 = Release|Any CPU
		{3BC1B0ED-26E8-4887-81E4-818F04570F0D}.Debug|Any CPU.ActiveCfg = Debug|Any CPU
		{3BC1B0ED-26E8-4887-81E4-818F04570F0D}.Debug|Any CPU.Build.0 = Debug|Any CPU
		{3BC1B0ED-26E8-4887-81E4-818F04570F0D}.Release|Any CPU.ActiveCfg = Release|Any CPU
		{3BC1B0ED-26E8-4887-81E4-818F04570F0D}.Release|Any CPU.Build.0 = Release|Any CPU
		{C4E8E646-E63F-4E67-B013-7DBF032DAE1F}.Debug|Any CPU.ActiveCfg = Debug|Any CPU
		{C4E8E646-E63F-4E67-B013-7DBF032DAE1F}.Debug|Any CPU.Build.0 = Debug|Any CPU
		{C4E8E646-E63F-4E67-B013-7DBF032DAE1F}.Release|Any CPU.ActiveCfg = Release|Any CPU
		{C4E8E646-E63F-4E67-B013-7DBF032DAE1F}.Release|Any CPU.Build.0 = Release|Any CPU
		{D609C303-24F5-47CD-8920-77C724A39155}.Debug|Any CPU.ActiveCfg = Debug|Any CPU
		{D609C303-24F5-47CD-8920-77C724A39155}.Debug|Any CPU.Build.0 = Debug|Any CPU
		{D609C303-24F5-47CD-8920-77C724A39155}.Release|Any CPU.ActiveCfg = Release|Any CPU
		{D609C303-24F5-47CD-8920-77C724A39155}.Release|Any CPU.Build.0 = Release|Any CPU
		{702C585B-1A39-4755-80F7-3733C9CA0B08}.Debug|Any CPU.ActiveCfg = Debug|Any CPU
		{702C585B-1A39-4755-80F7-3733C9CA0B08}.Debug|Any CPU.Build.0 = Debug|Any CPU
		{702C585B-1A39-4755-80F7-3733C9CA0B08}.Release|Any CPU.ActiveCfg = Release|Any CPU
		{702C585B-1A39-4755-80F7-3733C9CA0B08}.Release|Any CPU.Build.0 = Release|Any CPU
		{491C8AF7-9FAE-42BB-9621-AE9B1B41984A}.Debug|Any CPU.ActiveCfg = Debug|Any CPU
		{491C8AF7-9FAE-42BB-9621-AE9B1B41984A}.Debug|Any CPU.Build.0 = Debug|Any CPU
		{491C8AF7-9FAE-42BB-9621-AE9B1B41984A}.Release|Any CPU.ActiveCfg = Release|Any CPU
		{491C8AF7-9FAE-42BB-9621-AE9B1B41984A}.Release|Any CPU.Build.0 = Release|Any CPU
		{ADA7CF8B-17C4-4756-AA98-ADFD8351BA54}.Debug|Any CPU.ActiveCfg = Debug|Any CPU
		{ADA7CF8B-17C4-4756-AA98-ADFD8351BA54}.Debug|Any CPU.Build.0 = Debug|Any CPU
		{ADA7CF8B-17C4-4756-AA98-ADFD8351BA54}.Release|Any CPU.ActiveCfg = Release|Any CPU
		{ADA7CF8B-17C4-4756-AA98-ADFD8351BA54}.Release|Any CPU.Build.0 = Release|Any CPU
		{91F6F384-6DF5-4C22-AFC7-CB497EA45934}.Debug|Any CPU.ActiveCfg = Debug|Any CPU
		{91F6F384-6DF5-4C22-AFC7-CB497EA45934}.Debug|Any CPU.Build.0 = Debug|Any CPU
		{91F6F384-6DF5-4C22-AFC7-CB497EA45934}.Release|Any CPU.ActiveCfg = Release|Any CPU
		{91F6F384-6DF5-4C22-AFC7-CB497EA45934}.Release|Any CPU.Build.0 = Release|Any CPU
		{AE049A62-C3C7-461C-9D99-707B94820E5B}.Debug|Any CPU.ActiveCfg = Debug|Any CPU
		{AE049A62-C3C7-461C-9D99-707B94820E5B}.Debug|Any CPU.Build.0 = Debug|Any CPU
		{AE049A62-C3C7-461C-9D99-707B94820E5B}.Release|Any CPU.ActiveCfg = Release|Any CPU
		{AE049A62-C3C7-461C-9D99-707B94820E5B}.Release|Any CPU.Build.0 = Release|Any CPU
		{CE58EFED-8328-4011-A19D-BD6D45111B1F}.Debug|Any CPU.ActiveCfg = Debug|Any CPU
		{CE58EFED-8328-4011-A19D-BD6D45111B1F}.Debug|Any CPU.Build.0 = Debug|Any CPU
		{CE58EFED-8328-4011-A19D-BD6D45111B1F}.Release|Any CPU.ActiveCfg = Release|Any CPU
		{CE58EFED-8328-4011-A19D-BD6D45111B1F}.Release|Any CPU.Build.0 = Release|Any CPU
	EndGlobalSection
	GlobalSection(SolutionProperties) = preSolution
		HideSolutionNode = FALSE
	EndGlobalSection
	GlobalSection(ExtensibilityGlobals) = postSolution
		SolutionGuid = {08260ACA-99D2-4FC9-A65B-D235CA109B04}
	EndGlobalSection
EndGlobal
